
Microsoft Visual Studio Solution File, Format Version 12.00
# Visual Studio Version 17
VisualStudioVersion = 17.1.32104.313
MinimumVisualStudioVersion = 10.0.40219.1
Project("{9A19103F-16F7-4668-BE54-9A1E7A4F7556}") = "XProcess", "XProcess\XProcess.csproj", "{2CCC1EDD-D38A-4422-8953-3BC6C94F4BAB}"
EndProject
Project("{9A19103F-16F7-4668-BE54-9A1E7A4F7556}") = "XProcess.Test", "XProcess.Test\XProcess.Test.csproj", "{BA61E692-B783-47E9-96BB-6E08D883A4AC}"
EndProject
Project("{9A19103F-16F7-4668-BE54-9A1E7A4F7556}") = "XProcess.Test.Testee", "XProcess.Test.Testee\XProcess.Test.Testee.csproj", "{179E8919-2CB9-443A-AE86-DFEF83EA1094}"
EndProject
Project("{2150E333-8FDC-42A3-9474-1A3956D46DE8}") = "README", "README", "{DD9315D3-846E-4B36-A769-8420FB5BCFCC}"
	ProjectSection(SolutionItems) = preProject
		LICENSE = LICENSE
		README.md = README.md
		RELEASE-NOTES.txt = RELEASE-NOTES.txt
	EndProjectSection
EndProject
Global
	GlobalSection(SolutionConfigurationPlatforms) = preSolution
		Debug|Any CPU = Debug|Any CPU
		Release|Any CPU = Release|Any CPU
	EndGlobalSection
	GlobalSection(ProjectConfigurationPlatforms) = postSolution
		{2CCC1EDD-D38A-4422-8953-3BC6C94F4BAB}.Debug|Any CPU.ActiveCfg = Debug|Any CPU
		{2CCC1EDD-D38A-4422-8953-3BC6C94F4BAB}.Debug|Any CPU.Build.0 = Debug|Any CPU
		{2CCC1EDD-D38A-4422-8953-3BC6C94F4BAB}.Release|Any CPU.ActiveCfg = Release|Any CPU
		{2CCC1EDD-D38A-4422-8953-3BC6C94F4BAB}.Release|Any CPU.Build.0 = Release|Any CPU
		{BA61E692-B783-47E9-96BB-6E08D883A4AC}.Debug|Any CPU.ActiveCfg = Debug|Any CPU
		{BA61E692-B783-47E9-96BB-6E08D883A4AC}.Debug|Any CPU.Build.0 = Debug|Any CPU
		{BA61E692-B783-47E9-96BB-6E08D883A4AC}.Release|Any CPU.ActiveCfg = Release|Any CPU
		{BA61E692-B783-47E9-96BB-6E08D883A4AC}.Release|Any CPU.Build.0 = Release|Any CPU
		{179E8919-2CB9-443A-AE86-DFEF83EA1094}.Debug|Any CPU.ActiveCfg = Debug|Any CPU
		{179E8919-2CB9-443A-AE86-DFEF83EA1094}.Debug|Any CPU.Build.0 = Debug|Any CPU
		{179E8919-2CB9-443A-AE86-DFEF83EA1094}.Release|Any CPU.ActiveCfg = Release|Any CPU
		{179E8919-2CB9-443A-AE86-DFEF83EA1094}.Release|Any CPU.Build.0 = Release|Any CPU
	EndGlobalSection
	GlobalSection(SolutionProperties) = preSolution
		HideSolutionNode = FALSE
	EndGlobalSection
	GlobalSection(ExtensibilityGlobals) = postSolution
		SolutionGuid = {2FCB915A-D47C-4C68-A2EE-ADC6DEB76A3E}
	EndGlobalSection
EndGlobal
